// !$*UTF8*$!
{
	archiveVersion = 1;
	classes = {
	};
	objectVersion = 46;
	objects = {

/* Begin PBXBuildFile section */
		1A032F931F56510500DCB572 /* main.m in Sources */ = {isa = PBXBuildFile; fileRef = 1A032F921F56510500DCB572 /* main.m */; };
		1A032F961F56510500DCB572 /* AppDelegate.m in Sources */ = {isa = PBXBuildFile; fileRef = 1A032F951F56510500DCB572 /* AppDelegate.m */; };
		1A032F9E1F56510500DCB572 /* Assets.xcassets in Resources */ = {isa = PBXBuildFile; fileRef = 1A032F9D1F56510500DCB572 /* Assets.xcassets */; };
		1A032FAC1F56510500DCB572 /* MyLoveCastleTests.m in Sources */ = {isa = PBXBuildFile; fileRef = 1A032FAB1F56510500DCB572 /* MyLoveCastleTests.m */; };
		1A032FB71F56510500DCB572 /* MyLoveCastleUITests.m in Sources */ = {isa = PBXBuildFile; fileRef = 1A032FB61F56510500DCB572 /* MyLoveCastleUITests.m */; };
		1A25FE7A1F56551F006EEFD7 /* AppDelegate+Service.m in Sources */ = {isa = PBXBuildFile; fileRef = 1A25FE411F56551F006EEFD7 /* AppDelegate+Service.m */; };
		1A25FE7B1F56551F006EEFD7 /* ZYConvertTool.m in Sources */ = {isa = PBXBuildFile; fileRef = 1A25FE561F56551F006EEFD7 /* ZYConvertTool.m */; };
		1A25FE7C1F56551F006EEFD7 /* ZYCustomControls.m in Sources */ = {isa = PBXBuildFile; fileRef = 1A25FE591F56551F006EEFD7 /* ZYCustomControls.m */; };
		1A25FE7D1F56551F006EEFD7 /* ZYCustomIndicatorView.m in Sources */ = {isa = PBXBuildFile; fileRef = 1A25FE5C1F56551F006EEFD7 /* ZYCustomIndicatorView.m */; };
		1A25FE7E1F56551F006EEFD7 /* ZYTabBarViewsController.m in Sources */ = {isa = PBXBuildFile; fileRef = 1A25FE5F1F56551F006EEFD7 /* ZYTabBarViewsController.m */; };
		1A25FE7F1F56551F006EEFD7 /* ZYBase_VC.m in Sources */ = {isa = PBXBuildFile; fileRef = 1A25FE621F56551F006EEFD7 /* ZYBase_VC.m */; };
		1A25FE801F56551F006EEFD7 /* ZYCustomBase_VC.m in Sources */ = {isa = PBXBuildFile; fileRef = 1A25FE641F56551F006EEFD7 /* ZYCustomBase_VC.m */; };
		1A25FE811F56551F006EEFD7 /* ZYDataFilter.m in Sources */ = {isa = PBXBuildFile; fileRef = 1A25FE671F56551F006EEFD7 /* ZYDataFilter.m */; };
		1A25FE821F56551F006EEFD7 /* ZYDataPersistenceTool.m in Sources */ = {isa = PBXBuildFile; fileRef = 1A25FE6A1F56551F006EEFD7 /* ZYDataPersistenceTool.m */; };
		1A25FE831F56551F006EEFD7 /* NSData+ZYImageData.m in Sources */ = {isa = PBXBuildFile; fileRef = 1A25FE6D1F56551F006EEFD7 /* NSData+ZYImageData.m */; };
		1A25FE841F56551F006EEFD7 /* ZYStringTool.m in Sources */ = {isa = PBXBuildFile; fileRef = 1A25FE701F56551F006EEFD7 /* ZYStringTool.m */; };
		1A25FE851F56551F006EEFD7 /* ZYRegisterTool.m in Sources */ = {isa = PBXBuildFile; fileRef = 1A25FE731F56551F006EEFD7 /* ZYRegisterTool.m */; };
		1A25FE861F56551F006EEFD7 /* UIViewController+ZYBasicSetting.m in Sources */ = {isa = PBXBuildFile; fileRef = 1A25FE761F56551F006EEFD7 /* UIViewController+ZYBasicSetting.m */; };
		1A25FE871F56551F006EEFD7 /* ZYViewTool.m in Sources */ = {isa = PBXBuildFile; fileRef = 1A25FE791F56551F006EEFD7 /* ZYViewTool.m */; };
		1A25FE8B1F565618006EEFD7 /* libsqlite3.0.tbd in Frameworks */ = {isa = PBXBuildFile; fileRef = 1A25FE8A1F565618006EEFD7 /* libsqlite3.0.tbd */; };
		1A25FE8E1F565CFD006EEFD7 /* ZYMain_VC.m in Sources */ = {isa = PBXBuildFile; fileRef = 1A25FE8D1F565CFD006EEFD7 /* ZYMain_VC.m */; };
		1A5AF8421F566D9A00F64E5F /* LaunchScreen.storyboard in Resources */ = {isa = PBXBuildFile; fileRef = 1A5AF8411F566D9A00F64E5F /* LaunchScreen.storyboard */; };
		1A5AF8521F5676E900F64E5F /* ZYLaunch_VC.m in Sources */ = {isa = PBXBuildFile; fileRef = 1A5AF8511F5676E900F64E5F /* ZYLaunch_VC.m */; };
		1A5AF8571F567BC800F64E5F /* launch2.png in Resources */ = {isa = PBXBuildFile; fileRef = 1A5AF8541F567BC800F64E5F /* launch2.png */; };
		1A5AF8581F567BC800F64E5F /* launch1.png in Resources */ = {isa = PBXBuildFile; fileRef = 1A5AF8551F567BC800F64E5F /* launch1.png */; };
		1A5AF85A1F567BD900F64E5F /* launch.png in Resources */ = {isa = PBXBuildFile; fileRef = 1A5AF8591F567BD900F64E5F /* launch.png */; };
		1A5AF85E1F5683E500F64E5F /* launch3.png in Resources */ = {isa = PBXBuildFile; fileRef = 1A5AF85D1F5683E500F64E5F /* launch3.png */; };
		1A5AF8671F5688CF00F64E5F /* ZYTabBar_C.m in Sources */ = {isa = PBXBuildFile; fileRef = 1A5AF8661F5688CF00F64E5F /* ZYTabBar_C.m */; };
		1A5AF8821F568EB000F64E5F /* ZYAnniversary_VC.m in Sources */ = {isa = PBXBuildFile; fileRef = 1A5AF8811F568EB000F64E5F /* ZYAnniversary_VC.m */; };
		1A5AF8851F568EDC00F64E5F /* ZYChattingRecords_VC.m in Sources */ = {isa = PBXBuildFile; fileRef = 1A5AF8841F568EDC00F64E5F /* ZYChattingRecords_VC.m */; };
		1A5AF8881F568F0500F64E5F /* ZYDreamDirection_VC.m in Sources */ = {isa = PBXBuildFile; fileRef = 1A5AF8871F568F0500F64E5F /* ZYDreamDirection_VC.m */; };
		1A5AF88B1F568F3900F64E5F /* ZYHeartJourney_VC.m in Sources */ = {isa = PBXBuildFile; fileRef = 1A5AF88A1F568F3900F64E5F /* ZYHeartJourney_VC.m */; };
		1A5AF89F1F569A2B00F64E5F /* journey_n.png in Resources */ = {isa = PBXBuildFile; fileRef = 1A5AF8991F569A2B00F64E5F /* journey_n.png */; };
		1A5AF8A01F569A2B00F64E5F /* journey_n@2x.png in Resources */ = {isa = PBXBuildFile; fileRef = 1A5AF89A1F569A2B00F64E5F /* journey_n@2x.png */; };
		1A5AF8A11F569A2B00F64E5F /* journey_n@3x.png in Resources */ = {isa = PBXBuildFile; fileRef = 1A5AF89B1F569A2B00F64E5F /* journey_n@3x.png */; };
		1A5AF8A21F569A2B00F64E5F /* journey_s.png in Resources */ = {isa = PBXBuildFile; fileRef = 1A5AF89C1F569A2B00F64E5F /* journey_s.png */; };
		1A5AF8A31F569A2B00F64E5F /* journey_s@2x.png in Resources */ = {isa = PBXBuildFile; fileRef = 1A5AF89D1F569A2B00F64E5F /* journey_s@2x.png */; };
		1A5AF8A41F569A2B00F64E5F /* journey_s@3x.png in Resources */ = {isa = PBXBuildFile; fileRef = 1A5AF89E1F569A2B00F64E5F /* journey_s@3x.png */; };
		1A5AF8AB1F569A4900F64E5F /* anniversary_s@3x.png in Resources */ = {isa = PBXBuildFile; fileRef = 1A5AF8A51F569A4900F64E5F /* anniversary_s@3x.png */; };
		1A5AF8AC1F569A4900F64E5F /* anniversary_s@2x.png in Resources */ = {isa = PBXBuildFile; fileRef = 1A5AF8A61F569A4900F64E5F /* anniversary_s@2x.png */; };
		1A5AF8AD1F569A4900F64E5F /* anniversary_s.png in Resources */ = {isa = PBXBuildFile; fileRef = 1A5AF8A71F569A4900F64E5F /* anniversary_s.png */; };
		1A5AF8AE1F569A4900F64E5F /* anniversary_n@3x.png in Resources */ = {isa = PBXBuildFile; fileRef = 1A5AF8A81F569A4900F64E5F /* anniversary_n@3x.png */; };
		1A5AF8AF1F569A4900F64E5F /* anniversary_n@2x.png in Resources */ = {isa = PBXBuildFile; fileRef = 1A5AF8A91F569A4900F64E5F /* anniversary_n@2x.png */; };
		1A5AF8B01F569A4900F64E5F /* anniversary_n.png in Resources */ = {isa = PBXBuildFile; fileRef = 1A5AF8AA1F569A4900F64E5F /* anniversary_n.png */; };
		1A5AF8B71F569AA800F64E5F /* confident_s@3x.png in Resources */ = {isa = PBXBuildFile; fileRef = 1A5AF8B11F569AA800F64E5F /* confident_s@3x.png */; };
		1A5AF8B81F569AA800F64E5F /* confident_s@2x.png in Resources */ = {isa = PBXBuildFile; fileRef = 1A5AF8B21F569AA800F64E5F /* confident_s@2x.png */; };
		1A5AF8B91F569AA800F64E5F /* confident_s.png in Resources */ = {isa = PBXBuildFile; fileRef = 1A5AF8B31F569AA800F64E5F /* confident_s.png */; };
		1A5AF8BA1F569AA800F64E5F /* confident_n@3x.png in Resources */ = {isa = PBXBuildFile; fileRef = 1A5AF8B41F569AA800F64E5F /* confident_n@3x.png */; };
		1A5AF8BB1F569AA800F64E5F /* confident_n@2x.png in Resources */ = {isa = PBXBuildFile; fileRef = 1A5AF8B51F569AA800F64E5F /* confident_n@2x.png */; };
		1A5AF8BC1F569AA800F64E5F /* confident_n.png in Resources */ = {isa = PBXBuildFile; fileRef = 1A5AF8B61F569AA800F64E5F /* confident_n.png */; };
		1A5AF8C31F569B5400F64E5F /* ft_s@3x.png in Resources */ = {isa = PBXBuildFile; fileRef = 1A5AF8BD1F569B5400F64E5F /* ft_s@3x.png */; };
		1A5AF8C41F569B5400F64E5F /* ft_s@2x.png in Resources */ = {isa = PBXBuildFile; fileRef = 1A5AF8BE1F569B5400F64E5F /* ft_s@2x.png */; };
		1A5AF8C51F569B5400F64E5F /* ft_s.png in Resources */ = {isa = PBXBuildFile; fileRef = 1A5AF8BF1F569B5400F64E5F /* ft_s.png */; };
		1A5AF8C61F569B5400F64E5F /* ft_n@3x.png in Resources */ = {isa = PBXBuildFile; fileRef = 1A5AF8C01F569B5400F64E5F /* ft_n@3x.png */; };
		1A5AF8C71F569B5400F64E5F /* ft_n@2x.png in Resources */ = {isa = PBXBuildFile; fileRef = 1A5AF8C11F569B5400F64E5F /* ft_n@2x.png */; };
		1A5AF8C81F569B5400F64E5F /* ft_n.png in Resources */ = {isa = PBXBuildFile; fileRef = 1A5AF8C21F569B5400F64E5F /* ft_n.png */; };
		1A5AF8CF1F569CF300F64E5F /* dream_s@3x.png in Resources */ = {isa = PBXBuildFile; fileRef = 1A5AF8C91F569CF300F64E5F /* dream_s@3x.png */; };
		1A5AF8D01F569CF300F64E5F /* dream_s@2x.png in Resources */ = {isa = PBXBuildFile; fileRef = 1A5AF8CA1F569CF300F64E5F /* dream_s@2x.png */; };
		1A5AF8D11F569CF300F64E5F /* dream_s.png in Resources */ = {isa = PBXBuildFile; fileRef = 1A5AF8CB1F569CF300F64E5F /* dream_s.png */; };
		1A5AF8D21F569CF300F64E5F /* dream_n@3x.png in Resources */ = {isa = PBXBuildFile; fileRef = 1A5AF8CC1F569CF300F64E5F /* dream_n@3x.png */; };
		1A5AF8D31F569CF300F64E5F /* dream_n@2x.png in Resources */ = {isa = PBXBuildFile; fileRef = 1A5AF8CD1F569CF300F64E5F /* dream_n@2x.png */; };
		1A5AF8D41F569CF300F64E5F /* dream_n.png in Resources */ = {isa = PBXBuildFile; fileRef = 1A5AF8CE1F569CF300F64E5F /* dream_n.png */; };
		1A5AF8D81F56AD1A00F64E5F /* ZYPrettyTimeImg_Cell.m in Sources */ = {isa = PBXBuildFile; fileRef = 1A5AF8D61F56AD1A00F64E5F /* ZYPrettyTimeImg_Cell.m */; };
		1A5AF8D91F56AD1A00F64E5F /* ZYPrettyTimeImg_Cell.xib in Resources */ = {isa = PBXBuildFile; fileRef = 1A5AF8D71F56AD1A00F64E5F /* ZYPrettyTimeImg_Cell.xib */; };
/* End PBXBuildFile section */

/* Begin PBXContainerItemProxy section */
		1A032FA81F56510500DCB572 /* PBXContainerItemProxy */ = {
			isa = PBXContainerItemProxy;
			containerPortal = 1A032F861F56510500DCB572 /* Project object */;
			proxyType = 1;
			remoteGlobalIDString = 1A032F8D1F56510500DCB572;
			remoteInfo = MyLoveCastle;
		};
		1A032FB31F56510500DCB572 /* PBXContainerItemProxy */ = {
			isa = PBXContainerItemProxy;
			containerPortal = 1A032F861F56510500DCB572 /* Project object */;
			proxyType = 1;
			remoteGlobalIDString = 1A032F8D1F56510500DCB572;
			remoteInfo = MyLoveCastle;
		};
/* End PBXContainerItemProxy section */

/* Begin PBXFileReference section */
		1A032F8E1F56510500DCB572 /* MyLoveCastle.app */ = {isa = PBXFileReference; explicitFileType = wrapper.application; includeInIndex = 0; path = MyLoveCastle.app; sourceTree = BUILT_PRODUCTS_DIR; };
		1A032F921F56510500DCB572 /* main.m */ = {isa = PBXFileReference; lastKnownFileType = sourcecode.c.objc; path = main.m; sourceTree = "<group>"; };
		1A032F941F56510500DCB572 /* AppDelegate.h */ = {isa = PBXFileReference; lastKnownFileType = sourcecode.c.h; name = AppDelegate.h; path = MyLoveCastle/AppDelegate.h; sourceTree = SOURCE_ROOT; };
		1A032F951F56510500DCB572 /* AppDelegate.m */ = {isa = PBXFileReference; lastKnownFileType = sourcecode.c.objc; name = AppDelegate.m; path = MyLoveCastle/AppDelegate.m; sourceTree = SOURCE_ROOT; };
		1A032F9D1F56510500DCB572 /* Assets.xcassets */ = {isa = PBXFileReference; lastKnownFileType = folder.assetcatalog; path = Assets.xcassets; sourceTree = "<group>"; };
		1A032FA21F56510500DCB572 /* Info.plist */ = {isa = PBXFileReference; lastKnownFileType = text.plist.xml; path = Info.plist; sourceTree = "<group>"; };
		1A032FA71F56510500DCB572 /* MyLoveCastleTests.xctest */ = {isa = PBXFileReference; explicitFileType = wrapper.cfbundle; includeInIndex = 0; path = MyLoveCastleTests.xctest; sourceTree = BUILT_PRODUCTS_DIR; };
		1A032FAB1F56510500DCB572 /* MyLoveCastleTests.m */ = {isa = PBXFileReference; lastKnownFileType = sourcecode.c.objc; path = MyLoveCastleTests.m; sourceTree = "<group>"; };
		1A032FAD1F56510500DCB572 /* Info.plist */ = {isa = PBXFileReference; lastKnownFileType = text.plist.xml; path = Info.plist; sourceTree = "<group>"; };
		1A032FB21F56510500DCB572 /* MyLoveCastleUITests.xctest */ = {isa = PBXFileReference; explicitFileType = wrapper.cfbundle; includeInIndex = 0; path = MyLoveCastleUITests.xctest; sourceTree = BUILT_PRODUCTS_DIR; };
		1A032FB61F56510500DCB572 /* MyLoveCastleUITests.m */ = {isa = PBXFileReference; lastKnownFileType = sourcecode.c.objc; path = MyLoveCastleUITests.m; sourceTree = "<group>"; };
		1A032FB81F56510500DCB572 /* Info.plist */ = {isa = PBXFileReference; lastKnownFileType = text.plist.xml; path = Info.plist; sourceTree = "<group>"; };
		1A25FE401F56551F006EEFD7 /* AppDelegate+Service.h */ = {isa = PBXFileReference; fileEncoding = 4; lastKnownFileType = sourcecode.c.h; path = "AppDelegate+Service.h"; sourceTree = "<group>"; };
		1A25FE411F56551F006EEFD7 /* AppDelegate+Service.m */ = {isa = PBXFileReference; fileEncoding = 4; lastKnownFileType = sourcecode.c.objc; path = "AppDelegate+Service.m"; sourceTree = "<group>"; };
		1A25FE421F56551F006EEFD7 /* AppDelegate_ZYService.h */ = {isa = PBXFileReference; fileEncoding = 4; lastKnownFileType = sourcecode.c.h; path = AppDelegate_ZYService.h; sourceTree = "<group>"; };
		1A25FE431F56551F006EEFD7 /* Preprocessing_Header.h */ = {isa = PBXFileReference; fileEncoding = 4; lastKnownFileType = sourcecode.c.h; path = Preprocessing_Header.h; sourceTree = "<group>"; };
		1A25FE461F56551F006EEFD7 /* FontAndColorMacros.h */ = {isa = PBXFileReference; fileEncoding = 4; lastKnownFileType = sourcecode.c.h; path = FontAndColorMacros.h; sourceTree = "<group>"; };
		1A25FE471F56551F006EEFD7 /* UtilsMacros.h */ = {isa = PBXFileReference; fileEncoding = 4; lastKnownFileType = sourcecode.c.h; path = UtilsMacros.h; sourceTree = "<group>"; };
		1A25FE551F56551F006EEFD7 /* ZYConvertTool.h */ = {isa = PBXFileReference; fileEncoding = 4; lastKnownFileType = sourcecode.c.h; path = ZYConvertTool.h; sourceTree = "<group>"; };
		1A25FE561F56551F006EEFD7 /* ZYConvertTool.m */ = {isa = PBXFileReference; fileEncoding = 4; lastKnownFileType = sourcecode.c.objc; path = ZYConvertTool.m; sourceTree = "<group>"; };
		1A25FE581F56551F006EEFD7 /* ZYCustomControls.h */ = {isa = PBXFileReference; fileEncoding = 4; lastKnownFileType = sourcecode.c.h; path = ZYCustomControls.h; sourceTree = "<group>"; };
		1A25FE591F56551F006EEFD7 /* ZYCustomControls.m */ = {isa = PBXFileReference; fileEncoding = 4; lastKnownFileType = sourcecode.c.objc; path = ZYCustomControls.m; sourceTree = "<group>"; };
		1A25FE5B1F56551F006EEFD7 /* ZYCustomIndicatorView.h */ = {isa = PBXFileReference; fileEncoding = 4; lastKnownFileType = sourcecode.c.h; path = ZYCustomIndicatorView.h; sourceTree = "<group>"; };
		1A25FE5C1F56551F006EEFD7 /* ZYCustomIndicatorView.m */ = {isa = PBXFileReference; fileEncoding = 4; lastKnownFileType = sourcecode.c.objc; path = ZYCustomIndicatorView.m; sourceTree = "<group>"; };
		1A25FE5E1F56551F006EEFD7 /* ZYTabBarViewsController.h */ = {isa = PBXFileReference; fileEncoding = 4; lastKnownFileType = sourcecode.c.h; path = ZYTabBarViewsController.h; sourceTree = "<group>"; };
		1A25FE5F1F56551F006EEFD7 /* ZYTabBarViewsController.m */ = {isa = PBXFileReference; fileEncoding = 4; lastKnownFileType = sourcecode.c.objc; path = ZYTabBarViewsController.m; sourceTree = "<group>"; };
		1A25FE611F56551F006EEFD7 /* ZYBase_VC.h */ = {isa = PBXFileReference; fileEncoding = 4; lastKnownFileType = sourcecode.c.h; path = ZYBase_VC.h; sourceTree = "<group>"; };
		1A25FE621F56551F006EEFD7 /* ZYBase_VC.m */ = {isa = PBXFileReference; fileEncoding = 4; lastKnownFileType = sourcecode.c.objc; path = ZYBase_VC.m; sourceTree = "<group>"; };
		1A25FE631F56551F006EEFD7 /* ZYCustomBase_VC.h */ = {isa = PBXFileReference; fileEncoding = 4; lastKnownFileType = sourcecode.c.h; path = ZYCustomBase_VC.h; sourceTree = "<group>"; };
		1A25FE641F56551F006EEFD7 /* ZYCustomBase_VC.m */ = {isa = PBXFileReference; fileEncoding = 4; lastKnownFileType = sourcecode.c.objc; path = ZYCustomBase_VC.m; sourceTree = "<group>"; };
		1A25FE661F56551F006EEFD7 /* ZYDataFilter.h */ = {isa = PBXFileReference; fileEncoding = 4; lastKnownFileType = sourcecode.c.h; path = ZYDataFilter.h; sourceTree = "<group>"; };
		1A25FE671F56551F006EEFD7 /* ZYDataFilter.m */ = {isa = PBXFileReference; fileEncoding = 4; lastKnownFileType = sourcecode.c.objc; path = ZYDataFilter.m; sourceTree = "<group>"; };
		1A25FE691F56551F006EEFD7 /* ZYDataPersistenceTool.h */ = {isa = PBXFileReference; fileEncoding = 4; lastKnownFileType = sourcecode.c.h; path = ZYDataPersistenceTool.h; sourceTree = "<group>"; };
		1A25FE6A1F56551F006EEFD7 /* ZYDataPersistenceTool.m */ = {isa = PBXFileReference; fileEncoding = 4; lastKnownFileType = sourcecode.c.objc; path = ZYDataPersistenceTool.m; sourceTree = "<group>"; };
		1A25FE6C1F56551F006EEFD7 /* NSData+ZYImageData.h */ = {isa = PBXFileReference; fileEncoding = 4; lastKnownFileType = sourcecode.c.h; path = "NSData+ZYImageData.h"; sourceTree = "<group>"; };
		1A25FE6D1F56551F006EEFD7 /* NSData+ZYImageData.m */ = {isa = PBXFileReference; fileEncoding = 4; lastKnownFileType = sourcecode.c.objc; path = "NSData+ZYImageData.m"; sourceTree = "<group>"; };
		1A25FE6F1F56551F006EEFD7 /* ZYStringTool.h */ = {isa = PBXFileReference; fileEncoding = 4; lastKnownFileType = sourcecode.c.h; path = ZYStringTool.h; sourceTree = "<group>"; };
		1A25FE701F56551F006EEFD7 /* ZYStringTool.m */ = {isa = PBXFileReference; fileEncoding = 4; lastKnownFileType = sourcecode.c.objc; path = ZYStringTool.m; sourceTree = "<group>"; };
		1A25FE721F56551F006EEFD7 /* ZYRegisterTool.h */ = {isa = PBXFileReference; fileEncoding = 4; lastKnownFileType = sourcecode.c.h; path = ZYRegisterTool.h; sourceTree = "<group>"; };
		1A25FE731F56551F006EEFD7 /* ZYRegisterTool.m */ = {isa = PBXFileReference; fileEncoding = 4; lastKnownFileType = sourcecode.c.objc; path = ZYRegisterTool.m; sourceTree = "<group>"; };
		1A25FE751F56551F006EEFD7 /* UIViewController+ZYBasicSetting.h */ = {isa = PBXFileReference; fileEncoding = 4; lastKnownFileType = sourcecode.c.h; path = "UIViewController+ZYBasicSetting.h"; sourceTree = "<group>"; };
		1A25FE761F56551F006EEFD7 /* UIViewController+ZYBasicSetting.m */ = {isa = PBXFileReference; fileEncoding = 4; lastKnownFileType = sourcecode.c.objc; path = "UIViewController+ZYBasicSetting.m"; sourceTree = "<group>"; };
		1A25FE781F56551F006EEFD7 /* ZYViewTool.h */ = {isa = PBXFileReference; fileEncoding = 4; lastKnownFileType = sourcecode.c.h; path = ZYViewTool.h; sourceTree = "<group>"; };
		1A25FE791F56551F006EEFD7 /* ZYViewTool.m */ = {isa = PBXFileReference; fileEncoding = 4; lastKnownFileType = sourcecode.c.objc; path = ZYViewTool.m; sourceTree = "<group>"; };
		1A25FE881F5655A8006EEFD7 /* MyLoveCastle_PrefixHeader.pch */ = {isa = PBXFileReference; lastKnownFileType = sourcecode.c.h; path = MyLoveCastle_PrefixHeader.pch; sourceTree = "<group>"; };
		1A25FE8A1F565618006EEFD7 /* libsqlite3.0.tbd */ = {isa = PBXFileReference; lastKnownFileType = "sourcecode.text-based-dylib-definition"; name = libsqlite3.0.tbd; path = usr/lib/libsqlite3.0.tbd; sourceTree = SDKROOT; };
		1A25FE8C1F565CFD006EEFD7 /* ZYMain_VC.h */ = {isa = PBXFileReference; fileEncoding = 4; lastKnownFileType = sourcecode.c.h; path = ZYMain_VC.h; sourceTree = "<group>"; };
		1A25FE8D1F565CFD006EEFD7 /* ZYMain_VC.m */ = {isa = PBXFileReference; fileEncoding = 4; lastKnownFileType = sourcecode.c.objc; path = ZYMain_VC.m; sourceTree = "<group>"; };
		1A5AF8411F566D9A00F64E5F /* LaunchScreen.storyboard */ = {isa = PBXFileReference; fileEncoding = 4; lastKnownFileType = file.storyboard; path = LaunchScreen.storyboard; sourceTree = "<group>"; };
		1A5AF8501F5676E900F64E5F /* ZYLaunch_VC.h */ = {isa = PBXFileReference; fileEncoding = 4; lastKnownFileType = sourcecode.c.h; path = ZYLaunch_VC.h; sourceTree = "<group>"; };
		1A5AF8511F5676E900F64E5F /* ZYLaunch_VC.m */ = {isa = PBXFileReference; fileEncoding = 4; lastKnownFileType = sourcecode.c.objc; path = ZYLaunch_VC.m; sourceTree = "<group>"; };
		1A5AF8541F567BC800F64E5F /* launch2.png */ = {isa = PBXFileReference; lastKnownFileType = image.png; path = launch2.png; sourceTree = "<group>"; };
		1A5AF8551F567BC800F64E5F /* launch1.png */ = {isa = PBXFileReference; lastKnownFileType = image.png; path = launch1.png; sourceTree = "<group>"; };
		1A5AF8591F567BD900F64E5F /* launch.png */ = {isa = PBXFileReference; lastKnownFileType = image.png; path = launch.png; sourceTree = "<group>"; };
		1A5AF85D1F5683E500F64E5F /* launch3.png */ = {isa = PBXFileReference; lastKnownFileType = image.png; path = launch3.png; sourceTree = "<group>"; };
		1A5AF8651F5688CF00F64E5F /* ZYTabBar_C.h */ = {isa = PBXFileReference; fileEncoding = 4; lastKnownFileType = sourcecode.c.h; path = ZYTabBar_C.h; sourceTree = "<group>"; };
		1A5AF8661F5688CF00F64E5F /* ZYTabBar_C.m */ = {isa = PBXFileReference; fileEncoding = 4; lastKnownFileType = sourcecode.c.objc; path = ZYTabBar_C.m; sourceTree = "<group>"; };
		1A5AF8801F568EB000F64E5F /* ZYAnniversary_VC.h */ = {isa = PBXFileReference; fileEncoding = 4; lastKnownFileType = sourcecode.c.h; path = ZYAnniversary_VC.h; sourceTree = "<group>"; };
		1A5AF8811F568EB000F64E5F /* ZYAnniversary_VC.m */ = {isa = PBXFileReference; fileEncoding = 4; lastKnownFileType = sourcecode.c.objc; path = ZYAnniversary_VC.m; sourceTree = "<group>"; };
		1A5AF8831F568EDC00F64E5F /* ZYChattingRecords_VC.h */ = {isa = PBXFileReference; fileEncoding = 4; lastKnownFileType = sourcecode.c.h; path = ZYChattingRecords_VC.h; sourceTree = "<group>"; };
		1A5AF8841F568EDC00F64E5F /* ZYChattingRecords_VC.m */ = {isa = PBXFileReference; fileEncoding = 4; lastKnownFileType = sourcecode.c.objc; path = ZYChattingRecords_VC.m; sourceTree = "<group>"; };
		1A5AF8861F568F0500F64E5F /* ZYDreamDirection_VC.h */ = {isa = PBXFileReference; fileEncoding = 4; lastKnownFileType = sourcecode.c.h; path = ZYDreamDirection_VC.h; sourceTree = "<group>"; };
		1A5AF8871F568F0500F64E5F /* ZYDreamDirection_VC.m */ = {isa = PBXFileReference; fileEncoding = 4; lastKnownFileType = sourcecode.c.objc; path = ZYDreamDirection_VC.m; sourceTree = "<group>"; };
		1A5AF8891F568F3900F64E5F /* ZYHeartJourney_VC.h */ = {isa = PBXFileReference; fileEncoding = 4; lastKnownFileType = sourcecode.c.h; path = ZYHeartJourney_VC.h; sourceTree = "<group>"; };
		1A5AF88A1F568F3900F64E5F /* ZYHeartJourney_VC.m */ = {isa = PBXFileReference; fileEncoding = 4; lastKnownFileType = sourcecode.c.objc; path = ZYHeartJourney_VC.m; sourceTree = "<group>"; };
		1A5AF8991F569A2B00F64E5F /* journey_n.png */ = {isa = PBXFileReference; lastKnownFileType = image.png; path = journey_n.png; sourceTree = "<group>"; };
		1A5AF89A1F569A2B00F64E5F /* journey_n@2x.png */ = {isa = PBXFileReference; lastKnownFileType = image.png; path = "journey_n@2x.png"; sourceTree = "<group>"; };
		1A5AF89B1F569A2B00F64E5F /* journey_n@3x.png */ = {isa = PBXFileReference; lastKnownFileType = image.png; path = "journey_n@3x.png"; sourceTree = "<group>"; };
		1A5AF89C1F569A2B00F64E5F /* journey_s.png */ = {isa = PBXFileReference; lastKnownFileType = image.png; path = journey_s.png; sourceTree = "<group>"; };
		1A5AF89D1F569A2B00F64E5F /* journey_s@2x.png */ = {isa = PBXFileReference; lastKnownFileType = image.png; path = "journey_s@2x.png"; sourceTree = "<group>"; };
		1A5AF89E1F569A2B00F64E5F /* journey_s@3x.png */ = {isa = PBXFileReference; lastKnownFileType = image.png; path = "journey_s@3x.png"; sourceTree = "<group>"; };
		1A5AF8A51F569A4900F64E5F /* anniversary_s@3x.png */ = {isa = PBXFileReference; lastKnownFileType = image.png; path = "anniversary_s@3x.png"; sourceTree = "<group>"; };
		1A5AF8A61F569A4900F64E5F /* anniversary_s@2x.png */ = {isa = PBXFileReference; lastKnownFileType = image.png; path = "anniversary_s@2x.png"; sourceTree = "<group>"; };
		1A5AF8A71F569A4900F64E5F /* anniversary_s.png */ = {isa = PBXFileReference; lastKnownFileType = image.png; path = anniversary_s.png; sourceTree = "<group>"; };
		1A5AF8A81F569A4900F64E5F /* anniversary_n@3x.png */ = {isa = PBXFileReference; lastKnownFileType = image.png; path = "anniversary_n@3x.png"; sourceTree = "<group>"; };
		1A5AF8A91F569A4900F64E5F /* anniversary_n@2x.png */ = {isa = PBXFileReference; lastKnownFileType = image.png; path = "anniversary_n@2x.png"; sourceTree = "<group>"; };
		1A5AF8AA1F569A4900F64E5F /* anniversary_n.png */ = {isa = PBXFileReference; lastKnownFileType = image.png; path = anniversary_n.png; sourceTree = "<group>"; };
		1A5AF8B11F569AA800F64E5F /* confident_s@3x.png */ = {isa = PBXFileReference; lastKnownFileType = image.png; path = "confident_s@3x.png"; sourceTree = "<group>"; };
		1A5AF8B21F569AA800F64E5F /* confident_s@2x.png */ = {isa = PBXFileReference; lastKnownFileType = image.png; path = "confident_s@2x.png"; sourceTree = "<group>"; };
		1A5AF8B31F569AA800F64E5F /* confident_s.png */ = {isa = PBXFileReference; lastKnownFileType = image.png; path = confident_s.png; sourceTree = "<group>"; };
		1A5AF8B41F569AA800F64E5F /* confident_n@3x.png */ = {isa = PBXFileReference; lastKnownFileType = image.png; path = "confident_n@3x.png"; sourceTree = "<group>"; };
		1A5AF8B51F569AA800F64E5F /* confident_n@2x.png */ = {isa = PBXFileReference; lastKnownFileType = image.png; path = "confident_n@2x.png"; sourceTree = "<group>"; };
		1A5AF8B61F569AA800F64E5F /* confident_n.png */ = {isa = PBXFileReference; lastKnownFileType = image.png; path = confident_n.png; sourceTree = "<group>"; };
		1A5AF8BD1F569B5400F64E5F /* ft_s@3x.png */ = {isa = PBXFileReference; lastKnownFileType = image.png; path = "ft_s@3x.png"; sourceTree = "<group>"; };
		1A5AF8BE1F569B5400F64E5F /* ft_s@2x.png */ = {isa = PBXFileReference; lastKnownFileType = image.png; path = "ft_s@2x.png"; sourceTree = "<group>"; };
		1A5AF8BF1F569B5400F64E5F /* ft_s.png */ = {isa = PBXFileReference; lastKnownFileType = image.png; path = ft_s.png; sourceTree = "<group>"; };
		1A5AF8C01F569B5400F64E5F /* ft_n@3x.png */ = {isa = PBXFileReference; lastKnownFileType = image.png; path = "ft_n@3x.png"; sourceTree = "<group>"; };
		1A5AF8C11F569B5400F64E5F /* ft_n@2x.png */ = {isa = PBXFileReference; lastKnownFileType = image.png; path = "ft_n@2x.png"; sourceTree = "<group>"; };
		1A5AF8C21F569B5400F64E5F /* ft_n.png */ = {isa = PBXFileReference; lastKnownFileType = image.png; path = ft_n.png; sourceTree = "<group>"; };
		1A5AF8C91F569CF300F64E5F /* dream_s@3x.png */ = {isa = PBXFileReference; lastKnownFileType = image.png; path = "dream_s@3x.png"; sourceTree = "<group>"; };
		1A5AF8CA1F569CF300F64E5F /* dream_s@2x.png */ = {isa = PBXFileReference; lastKnownFileType = image.png; path = "dream_s@2x.png"; sourceTree = "<group>"; };
		1A5AF8CB1F569CF300F64E5F /* dream_s.png */ = {isa = PBXFileReference; lastKnownFileType = image.png; path = dream_s.png; sourceTree = "<group>"; };
		1A5AF8CC1F569CF300F64E5F /* dream_n@3x.png */ = {isa = PBXFileReference; lastKnownFileType = image.png; path = "dream_n@3x.png"; sourceTree = "<group>"; };
		1A5AF8CD1F569CF300F64E5F /* dream_n@2x.png */ = {isa = PBXFileReference; lastKnownFileType = image.png; path = "dream_n@2x.png"; sourceTree = "<group>"; };
		1A5AF8CE1F569CF300F64E5F /* dream_n.png */ = {isa = PBXFileReference; lastKnownFileType = image.png; path = dream_n.png; sourceTree = "<group>"; };
		1A5AF8D51F56AD1A00F64E5F /* ZYPrettyTimeImg_Cell.h */ = {isa = PBXFileReference; fileEncoding = 4; lastKnownFileType = sourcecode.c.h; path = ZYPrettyTimeImg_Cell.h; sourceTree = "<group>"; };
		1A5AF8D61F56AD1A00F64E5F /* ZYPrettyTimeImg_Cell.m */ = {isa = PBXFileReference; fileEncoding = 4; lastKnownFileType = sourcecode.c.objc; path = ZYPrettyTimeImg_Cell.m; sourceTree = "<group>"; };
		1A5AF8D71F56AD1A00F64E5F /* ZYPrettyTimeImg_Cell.xib */ = {isa = PBXFileReference; fileEncoding = 4; lastKnownFileType = file.xib; path = ZYPrettyTimeImg_Cell.xib; sourceTree = "<group>"; };
/* End PBXFileReference section */

/* Begin PBXFrameworksBuildPhase section */
		1A032F8B1F56510500DCB572 /* Frameworks */ = {
			isa = PBXFrameworksBuildPhase;
			buildActionMask = 2147483647;
			files = (
				1A25FE8B1F565618006EEFD7 /* libsqlite3.0.tbd in Frameworks */,
			);
			runOnlyForDeploymentPostprocessing = 0;
		};
		1A032FA41F56510500DCB572 /* Frameworks */ = {
			isa = PBXFrameworksBuildPhase;
			buildActionMask = 2147483647;
			files = (
			);
			runOnlyForDeploymentPostprocessing = 0;
		};
		1A032FAF1F56510500DCB572 /* Frameworks */ = {
			isa = PBXFrameworksBuildPhase;
			buildActionMask = 2147483647;
			files = (
			);
			runOnlyForDeploymentPostprocessing = 0;
		};
/* End PBXFrameworksBuildPhase section */

/* Begin PBXGroup section */
		1A032F851F56510500DCB572 = {
			isa = PBXGroup;
			children = (
				1A032F901F56510500DCB572 /* MyLoveCastle */,
				1A032FAA1F56510500DCB572 /* MyLoveCastleTests */,
				1A032FB51F56510500DCB572 /* MyLoveCastleUITests */,
				1A032F8F1F56510500DCB572 /* Products */,
				1A25FE891F565618006EEFD7 /* Frameworks */,
			);
			sourceTree = "<group>";
		};
		1A032F8F1F56510500DCB572 /* Products */ = {
			isa = PBXGroup;
			children = (
				1A032F8E1F56510500DCB572 /* MyLoveCastle.app */,
				1A032FA71F56510500DCB572 /* MyLoveCastleTests.xctest */,
				1A032FB21F56510500DCB572 /* MyLoveCastleUITests.xctest */,
			);
			name = Products;
			sourceTree = "<group>";
		};
		1A032F901F56510500DCB572 /* MyLoveCastle */ = {
			isa = PBXGroup;
			children = (
				1A25FE3F1F56551F006EEFD7 /* AppDelegate */,
				1A25FE441F56551F006EEFD7 /* Base */,
				1A25FE451F56551F006EEFD7 /* Define */,
				1A25FE481F56551F006EEFD7 /* Manager */,
				1A25FE491F56551F006EEFD7 /* Modules */,
				1A25FE501F56551F006EEFD7 /* Resource */,
				1A25FE511F56551F006EEFD7 /* ThirdParty */,
				1A25FE521F56551F006EEFD7 /* Utils */,
				1A032F9D1F56510500DCB572 /* Assets.xcassets */,
				1A5AF8411F566D9A00F64E5F /* LaunchScreen.storyboard */,
				1A032FA21F56510500DCB572 /* Info.plist */,
				1A032F911F56510500DCB572 /* Supporting Files */,
			);
			path = MyLoveCastle;
			sourceTree = "<group>";
		};
		1A032F911F56510500DCB572 /* Supporting Files */ = {
			isa = PBXGroup;
			children = (
				1A032F921F56510500DCB572 /* main.m */,
				1A25FE881F5655A8006EEFD7 /* MyLoveCastle_PrefixHeader.pch */,
			);
			name = "Supporting Files";
			sourceTree = "<group>";
		};
		1A032FAA1F56510500DCB572 /* MyLoveCastleTests */ = {
			isa = PBXGroup;
			children = (
				1A032FAB1F56510500DCB572 /* MyLoveCastleTests.m */,
				1A032FAD1F56510500DCB572 /* Info.plist */,
			);
			path = MyLoveCastleTests;
			sourceTree = "<group>";
		};
		1A032FB51F56510500DCB572 /* MyLoveCastleUITests */ = {
			isa = PBXGroup;
			children = (
				1A032FB61F56510500DCB572 /* MyLoveCastleUITests.m */,
				1A032FB81F56510500DCB572 /* Info.plist */,
			);
			path = MyLoveCastleUITests;
			sourceTree = "<group>";
		};
		1A25FE3F1F56551F006EEFD7 /* AppDelegate */ = {
			isa = PBXGroup;
			children = (
				1A032F941F56510500DCB572 /* AppDelegate.h */,
				1A032F951F56510500DCB572 /* AppDelegate.m */,
				1A25FE401F56551F006EEFD7 /* AppDelegate+Service.h */,
				1A25FE411F56551F006EEFD7 /* AppDelegate+Service.m */,
				1A25FE421F56551F006EEFD7 /* AppDelegate_ZYService.h */,
				1A25FE431F56551F006EEFD7 /* Preprocessing_Header.h */,
			);
			path = AppDelegate;
			sourceTree = "<group>";
		};
		1A25FE441F56551F006EEFD7 /* Base */ = {
			isa = PBXGroup;
			children = (
			);
			path = Base;
			sourceTree = "<group>";
		};
		1A25FE451F56551F006EEFD7 /* Define */ = {
			isa = PBXGroup;
			children = (
				1A25FE461F56551F006EEFD7 /* FontAndColorMacros.h */,
				1A25FE471F56551F006EEFD7 /* UtilsMacros.h */,
			);
			path = Define;
			sourceTree = "<group>";
		};
		1A25FE481F56551F006EEFD7 /* Manager */ = {
			isa = PBXGroup;
			children = (
			);
			path = Manager;
			sourceTree = "<group>";
		};
		1A25FE491F56551F006EEFD7 /* Modules */ = {
			isa = PBXGroup;
			children = (
				1A5AF84F1F56768200F64E5F /* Launch */,
				1A5AF8611F56886100F64E5F /* Tab */,
				1A25FE4A1F56551F006EEFD7 /* Home */,
				1A5AF87A1F568E1D00F64E5F /* JourneyOfBothHeart */,
				1A5AF86E1F568E1D00F64E5F /* ChattingRecords */,
				1A5AF8681F568E1D00F64E5F /* Anniversary */,
				1A5AF8741F568E1D00F64E5F /* DreamDirection */,
			);
			path = Modules;
			sourceTree = "<group>";
		};
		1A25FE4A1F56551F006EEFD7 /* Home */ = {
			isa = PBXGroup;
			children = (
				1A25FE4B1F56551F006EEFD7 /* Controller */,
				1A25FE4C1F56551F006EEFD7 /* Model */,
				1A25FE4D1F56551F006EEFD7 /* Resource */,
				1A25FE4E1F56551F006EEFD7 /* Service */,
				1A25FE4F1F56551F006EEFD7 /* View */,
			);
			path = Home;
			sourceTree = "<group>";
		};
		1A25FE4B1F56551F006EEFD7 /* Controller */ = {
			isa = PBXGroup;
			children = (
				1A25FE8C1F565CFD006EEFD7 /* ZYMain_VC.h */,
				1A25FE8D1F565CFD006EEFD7 /* ZYMain_VC.m */,
			);
			path = Controller;
			sourceTree = "<group>";
		};
		1A25FE4C1F56551F006EEFD7 /* Model */ = {
			isa = PBXGroup;
			children = (
				1A5AF8D51F56AD1A00F64E5F /* ZYPrettyTimeImg_Cell.h */,
				1A5AF8D61F56AD1A00F64E5F /* ZYPrettyTimeImg_Cell.m */,
				1A5AF8D71F56AD1A00F64E5F /* ZYPrettyTimeImg_Cell.xib */,
			);
			path = Model;
			sourceTree = "<group>";
		};
		1A25FE4D1F56551F006EEFD7 /* Resource */ = {
			isa = PBXGroup;
			children = (
			);
			path = Resource;
			sourceTree = "<group>";
		};
		1A25FE4E1F56551F006EEFD7 /* Service */ = {
			isa = PBXGroup;
			children = (
			);
			path = Service;
			sourceTree = "<group>";
		};
		1A25FE4F1F56551F006EEFD7 /* View */ = {
			isa = PBXGroup;
			children = (
			);
			path = View;
			sourceTree = "<group>";
		};
		1A25FE501F56551F006EEFD7 /* Resource */ = {
			isa = PBXGroup;
			children = (
				1A5AF84D1F56748100F64E5F /* icon */,
				1A5AF84E1F56748100F64E5F /* launch_Img */,
			);
			path = Resource;
			sourceTree = "<group>";
		};
		1A25FE511F56551F006EEFD7 /* ThirdParty */ = {
			isa = PBXGroup;
			children = (
			);
			path = ThirdParty;
			sourceTree = "<group>";
		};
		1A25FE521F56551F006EEFD7 /* Utils */ = {
			isa = PBXGroup;
			children = (
				1A25FE531F56551F006EEFD7 /* CustomTools */,
			);
			path = Utils;
			sourceTree = "<group>";
		};
		1A25FE531F56551F006EEFD7 /* CustomTools */ = {
			isa = PBXGroup;
			children = (
				1A25FE541F56551F006EEFD7 /* ConvertTool */,
				1A25FE571F56551F006EEFD7 /* CustomControls */,
				1A25FE5A1F56551F006EEFD7 /* CustomIndicatorView */,
				1A25FE5D1F56551F006EEFD7 /* CustomTabBarController */,
				1A25FE601F56551F006EEFD7 /* CustomViewController */,
				1A25FE651F56551F006EEFD7 /* DataFilter */,
				1A25FE681F56551F006EEFD7 /* DataPersistenceTool */,
				1A25FE6B1F56551F006EEFD7 /* ImageData */,
				1A25FE6E1F56551F006EEFD7 /* NSStringTool */,
				1A25FE711F56551F006EEFD7 /* RegisterTool */,
				1A25FE741F56551F006EEFD7 /* VCCategory */,
				1A25FE771F56551F006EEFD7 /* ZYViewTool */,
			);
			path = CustomTools;
			sourceTree = "<group>";
		};
		1A25FE541F56551F006EEFD7 /* ConvertTool */ = {
			isa = PBXGroup;
			children = (
				1A25FE551F56551F006EEFD7 /* ZYConvertTool.h */,
				1A25FE561F56551F006EEFD7 /* ZYConvertTool.m */,
			);
			path = ConvertTool;
			sourceTree = "<group>";
		};
		1A25FE571F56551F006EEFD7 /* CustomControls */ = {
			isa = PBXGroup;
			children = (
				1A25FE581F56551F006EEFD7 /* ZYCustomControls.h */,
				1A25FE591F56551F006EEFD7 /* ZYCustomControls.m */,
			);
			path = CustomControls;
			sourceTree = "<group>";
		};
		1A25FE5A1F56551F006EEFD7 /* CustomIndicatorView */ = {
			isa = PBXGroup;
			children = (
				1A25FE5B1F56551F006EEFD7 /* ZYCustomIndicatorView.h */,
				1A25FE5C1F56551F006EEFD7 /* ZYCustomIndicatorView.m */,
			);
			path = CustomIndicatorView;
			sourceTree = "<group>";
		};
		1A25FE5D1F56551F006EEFD7 /* CustomTabBarController */ = {
			isa = PBXGroup;
			children = (
				1A25FE5E1F56551F006EEFD7 /* ZYTabBarViewsController.h */,
				1A25FE5F1F56551F006EEFD7 /* ZYTabBarViewsController.m */,
			);
			path = CustomTabBarController;
			sourceTree = "<group>";
		};
		1A25FE601F56551F006EEFD7 /* CustomViewController */ = {
			isa = PBXGroup;
			children = (
				1A25FE611F56551F006EEFD7 /* ZYBase_VC.h */,
				1A25FE621F56551F006EEFD7 /* ZYBase_VC.m */,
				1A25FE631F56551F006EEFD7 /* ZYCustomBase_VC.h */,
				1A25FE641F56551F006EEFD7 /* ZYCustomBase_VC.m */,
			);
			path = CustomViewController;
			sourceTree = "<group>";
		};
		1A25FE651F56551F006EEFD7 /* DataFilter */ = {
			isa = PBXGroup;
			children = (
				1A25FE661F56551F006EEFD7 /* ZYDataFilter.h */,
				1A25FE671F56551F006EEFD7 /* ZYDataFilter.m */,
			);
			path = DataFilter;
			sourceTree = "<group>";
		};
		1A25FE681F56551F006EEFD7 /* DataPersistenceTool */ = {
			isa = PBXGroup;
			children = (
				1A25FE691F56551F006EEFD7 /* ZYDataPersistenceTool.h */,
				1A25FE6A1F56551F006EEFD7 /* ZYDataPersistenceTool.m */,
			);
			path = DataPersistenceTool;
			sourceTree = "<group>";
		};
		1A25FE6B1F56551F006EEFD7 /* ImageData */ = {
			isa = PBXGroup;
			children = (
				1A25FE6C1F56551F006EEFD7 /* NSData+ZYImageData.h */,
				1A25FE6D1F56551F006EEFD7 /* NSData+ZYImageData.m */,
			);
			path = ImageData;
			sourceTree = "<group>";
		};
		1A25FE6E1F56551F006EEFD7 /* NSStringTool */ = {
			isa = PBXGroup;
			children = (
				1A25FE6F1F56551F006EEFD7 /* ZYStringTool.h */,
				1A25FE701F56551F006EEFD7 /* ZYStringTool.m */,
			);
			path = NSStringTool;
			sourceTree = "<group>";
		};
		1A25FE711F56551F006EEFD7 /* RegisterTool */ = {
			isa = PBXGroup;
			children = (
				1A25FE721F56551F006EEFD7 /* ZYRegisterTool.h */,
				1A25FE731F56551F006EEFD7 /* ZYRegisterTool.m */,
			);
			path = RegisterTool;
			sourceTree = "<group>";
		};
		1A25FE741F56551F006EEFD7 /* VCCategory */ = {
			isa = PBXGroup;
			children = (
				1A25FE751F56551F006EEFD7 /* UIViewController+ZYBasicSetting.h */,
				1A25FE761F56551F006EEFD7 /* UIViewController+ZYBasicSetting.m */,
			);
			path = VCCategory;
			sourceTree = "<group>";
		};
		1A25FE771F56551F006EEFD7 /* ZYViewTool */ = {
			isa = PBXGroup;
			children = (
				1A25FE781F56551F006EEFD7 /* ZYViewTool.h */,
				1A25FE791F56551F006EEFD7 /* ZYViewTool.m */,
			);
			path = ZYViewTool;
			sourceTree = "<group>";
		};
		1A25FE891F565618006EEFD7 /* Frameworks */ = {
			isa = PBXGroup;
			children = (
				1A25FE8A1F565618006EEFD7 /* libsqlite3.0.tbd */,
			);
			name = Frameworks;
			sourceTree = "<group>";
		};
		1A5AF84D1F56748100F64E5F /* icon */ = {
			isa = PBXGroup;
			children = (
			);
			path = icon;
			sourceTree = "<group>";
		};
		1A5AF84E1F56748100F64E5F /* launch_Img */ = {
			isa = PBXGroup;
			children = (
				1A5AF85D1F5683E500F64E5F /* launch3.png */,
				1A5AF8591F567BD900F64E5F /* launch.png */,
				1A5AF8541F567BC800F64E5F /* launch2.png */,
				1A5AF8551F567BC800F64E5F /* launch1.png */,
			);
			path = launch_Img;
			sourceTree = "<group>";
		};
		1A5AF84F1F56768200F64E5F /* Launch */ = {
			isa = PBXGroup;
			children = (
				1A5AF8501F5676E900F64E5F /* ZYLaunch_VC.h */,
				1A5AF8511F5676E900F64E5F /* ZYLaunch_VC.m */,
			);
			path = Launch;
			sourceTree = "<group>";
		};
		1A5AF8611F56886100F64E5F /* Tab */ = {
			isa = PBXGroup;
			children = (
				1A5AF8651F5688CF00F64E5F /* ZYTabBar_C.h */,
				1A5AF8661F5688CF00F64E5F /* ZYTabBar_C.m */,
				1A5AF8621F56886100F64E5F /* Model */,
				1A5AF8631F56886100F64E5F /* Resource */,
				1A5AF8641F56886100F64E5F /* Service */,
			);
			path = Tab;
			sourceTree = "<group>";
		};
		1A5AF8621F56886100F64E5F /* Model */ = {
			isa = PBXGroup;
			children = (
			);
			path = Model;
			sourceTree = "<group>";
		};
		1A5AF8631F56886100F64E5F /* Resource */ = {
			isa = PBXGroup;
			children = (
				1A5AF88C1F56972700F64E5F /* ItemIcon */,
			);
			path = Resource;
			sourceTree = "<group>";
		};
		1A5AF8641F56886100F64E5F /* Service */ = {
			isa = PBXGroup;
			children = (
			);
			path = Service;
			sourceTree = "<group>";
		};
		1A5AF8681F568E1D00F64E5F /* Anniversary */ = {
			isa = PBXGroup;
			children = (
				1A5AF8691F568E1D00F64E5F /* Controller */,
				1A5AF86A1F568E1D00F64E5F /* Model */,
				1A5AF86B1F568E1D00F64E5F /* Resource */,
				1A5AF86C1F568E1D00F64E5F /* Service */,
				1A5AF86D1F568E1D00F64E5F /* View */,
			);
			path = Anniversary;
			sourceTree = "<group>";
		};
		1A5AF8691F568E1D00F64E5F /* Controller */ = {
			isa = PBXGroup;
			children = (
				1A5AF8801F568EB000F64E5F /* ZYAnniversary_VC.h */,
				1A5AF8811F568EB000F64E5F /* ZYAnniversary_VC.m */,
			);
			path = Controller;
			sourceTree = "<group>";
		};
		1A5AF86A1F568E1D00F64E5F /* Model */ = {
			isa = PBXGroup;
			children = (
			);
			path = Model;
			sourceTree = "<group>";
		};
		1A5AF86B1F568E1D00F64E5F /* Resource */ = {
			isa = PBXGroup;
			children = (
			);
			path = Resource;
			sourceTree = "<group>";
		};
		1A5AF86C1F568E1D00F64E5F /* Service */ = {
			isa = PBXGroup;
			children = (
			);
			path = Service;
			sourceTree = "<group>";
		};
		1A5AF86D1F568E1D00F64E5F /* View */ = {
			isa = PBXGroup;
			children = (
			);
			path = View;
			sourceTree = "<group>";
		};
		1A5AF86E1F568E1D00F64E5F /* ChattingRecords */ = {
			isa = PBXGroup;
			children = (
				1A5AF86F1F568E1D00F64E5F /* Controller */,
				1A5AF8701F568E1D00F64E5F /* Model */,
				1A5AF8711F568E1D00F64E5F /* Resource */,
				1A5AF8721F568E1D00F64E5F /* Service */,
				1A5AF8731F568E1D00F64E5F /* View */,
			);
			path = ChattingRecords;
			sourceTree = "<group>";
		};
		1A5AF86F1F568E1D00F64E5F /* Controller */ = {
			isa = PBXGroup;
			children = (
				1A5AF8831F568EDC00F64E5F /* ZYChattingRecords_VC.h */,
				1A5AF8841F568EDC00F64E5F /* ZYChattingRecords_VC.m */,
			);
			path = Controller;
			sourceTree = "<group>";
		};
		1A5AF8701F568E1D00F64E5F /* Model */ = {
			isa = PBXGroup;
			children = (
			);
			path = Model;
			sourceTree = "<group>";
		};
		1A5AF8711F568E1D00F64E5F /* Resource */ = {
			isa = PBXGroup;
			children = (
			);
			path = Resource;
			sourceTree = "<group>";
		};
		1A5AF8721F568E1D00F64E5F /* Service */ = {
			isa = PBXGroup;
			children = (
			);
			path = Service;
			sourceTree = "<group>";
		};
		1A5AF8731F568E1D00F64E5F /* View */ = {
			isa = PBXGroup;
			children = (
			);
			path = View;
			sourceTree = "<group>";
		};
		1A5AF8741F568E1D00F64E5F /* DreamDirection */ = {
			isa = PBXGroup;
			children = (
				1A5AF8751F568E1D00F64E5F /* Controller */,
				1A5AF8761F568E1D00F64E5F /* Model */,
				1A5AF8771F568E1D00F64E5F /* Resource */,
				1A5AF8781F568E1D00F64E5F /* Service */,
				1A5AF8791F568E1D00F64E5F /* View */,
			);
			path = DreamDirection;
			sourceTree = "<group>";
		};
		1A5AF8751F568E1D00F64E5F /* Controller */ = {
			isa = PBXGroup;
			children = (
				1A5AF8861F568F0500F64E5F /* ZYDreamDirection_VC.h */,
				1A5AF8871F568F0500F64E5F /* ZYDreamDirection_VC.m */,
			);
			path = Controller;
			sourceTree = "<group>";
		};
		1A5AF8761F568E1D00F64E5F /* Model */ = {
			isa = PBXGroup;
			children = (
			);
			path = Model;
			sourceTree = "<group>";
		};
		1A5AF8771F568E1D00F64E5F /* Resource */ = {
			isa = PBXGroup;
			children = (
			);
			path = Resource;
			sourceTree = "<group>";
		};
		1A5AF8781F568E1D00F64E5F /* Service */ = {
			isa = PBXGroup;
			children = (
			);
			path = Service;
			sourceTree = "<group>";
		};
		1A5AF8791F568E1D00F64E5F /* View */ = {
			isa = PBXGroup;
			children = (
			);
			path = View;
			sourceTree = "<group>";
		};
		1A5AF87A1F568E1D00F64E5F /* JourneyOfBothHeart */ = {
			isa = PBXGroup;
			children = (
				1A5AF87B1F568E1D00F64E5F /* Controller */,
				1A5AF87C1F568E1D00F64E5F /* Model */,
				1A5AF87D1F568E1D00F64E5F /* Resource */,
				1A5AF87E1F568E1D00F64E5F /* Service */,
				1A5AF87F1F568E1D00F64E5F /* View */,
			);
			path = JourneyOfBothHeart;
			sourceTree = "<group>";
		};
		1A5AF87B1F568E1D00F64E5F /* Controller */ = {
			isa = PBXGroup;
			children = (
				1A5AF8891F568F3900F64E5F /* ZYHeartJourney_VC.h */,
				1A5AF88A1F568F3900F64E5F /* ZYHeartJourney_VC.m */,
			);
			path = Controller;
			sourceTree = "<group>";
		};
		1A5AF87C1F568E1D00F64E5F /* Model */ = {
			isa = PBXGroup;
			children = (
			);
			path = Model;
			sourceTree = "<group>";
		};
		1A5AF87D1F568E1D00F64E5F /* Resource */ = {
			isa = PBXGroup;
			children = (
			);
			path = Resource;
			sourceTree = "<group>";
		};
		1A5AF87E1F568E1D00F64E5F /* Service */ = {
			isa = PBXGroup;
			children = (
			);
			path = Service;
			sourceTree = "<group>";
		};
		1A5AF87F1F568E1D00F64E5F /* View */ = {
			isa = PBXGroup;
			children = (
			);
			path = View;
			sourceTree = "<group>";
		};
		1A5AF88C1F56972700F64E5F /* ItemIcon */ = {
			isa = PBXGroup;
			children = (
				1A5AF8BD1F569B5400F64E5F /* ft_s@3x.png */,
				1A5AF8BE1F569B5400F64E5F /* ft_s@2x.png */,
				1A5AF8BF1F569B5400F64E5F /* ft_s.png */,
				1A5AF8C01F569B5400F64E5F /* ft_n@3x.png */,
				1A5AF8C11F569B5400F64E5F /* ft_n@2x.png */,
				1A5AF8C21F569B5400F64E5F /* ft_n.png */,
				1A5AF8B11F569AA800F64E5F /* confident_s@3x.png */,
				1A5AF8B21F569AA800F64E5F /* confident_s@2x.png */,
				1A5AF8B31F569AA800F64E5F /* confident_s.png */,
				1A5AF8B41F569AA800F64E5F /* confident_n@3x.png */,
				1A5AF8B51F569AA800F64E5F /* confident_n@2x.png */,
				1A5AF8B61F569AA800F64E5F /* confident_n.png */,
				1A5AF8A51F569A4900F64E5F /* anniversary_s@3x.png */,
				1A5AF8A61F569A4900F64E5F /* anniversary_s@2x.png */,
				1A5AF8A71F569A4900F64E5F /* anniversary_s.png */,
				1A5AF8A81F569A4900F64E5F /* anniversary_n@3x.png */,
				1A5AF8A91F569A4900F64E5F /* anniversary_n@2x.png */,
				1A5AF8AA1F569A4900F64E5F /* anniversary_n.png */,
				1A5AF8991F569A2B00F64E5F /* journey_n.png */,
				1A5AF89A1F569A2B00F64E5F /* journey_n@2x.png */,
				1A5AF89B1F569A2B00F64E5F /* journey_n@3x.png */,
				1A5AF89C1F569A2B00F64E5F /* journey_s.png */,
				1A5AF89D1F569A2B00F64E5F /* journey_s@2x.png */,
				1A5AF89E1F569A2B00F64E5F /* journey_s@3x.png */,
				1A5AF8C91F569CF300F64E5F /* dream_s@3x.png */,
				1A5AF8CA1F569CF300F64E5F /* dream_s@2x.png */,
				1A5AF8CB1F569CF300F64E5F /* dream_s.png */,
				1A5AF8CC1F569CF300F64E5F /* dream_n@3x.png */,
				1A5AF8CD1F569CF300F64E5F /* dream_n@2x.png */,
				1A5AF8CE1F569CF300F64E5F /* dream_n.png */,
			);
			path = ItemIcon;
			sourceTree = "<group>";
		};
/* End PBXGroup section */

/* Begin PBXNativeTarget section */
		1A032F8D1F56510500DCB572 /* MyLoveCastle */ = {
			isa = PBXNativeTarget;
			buildConfigurationList = 1A032FBB1F56510500DCB572 /* Build configuration list for PBXNativeTarget "MyLoveCastle" */;
			buildPhases = (
				1A032F8A1F56510500DCB572 /* Sources */,
				1A032F8B1F56510500DCB572 /* Frameworks */,
				1A032F8C1F56510500DCB572 /* Resources */,
			);
			buildRules = (
			);
			dependencies = (
			);
			name = MyLoveCastle;
			productName = MyLoveCastle;
			productReference = 1A032F8E1F56510500DCB572 /* MyLoveCastle.app */;
			productType = "com.apple.product-type.application";
		};
		1A032FA61F56510500DCB572 /* MyLoveCastleTests */ = {
			isa = PBXNativeTarget;
			buildConfigurationList = 1A032FBE1F56510500DCB572 /* Build configuration list for PBXNativeTarget "MyLoveCastleTests" */;
			buildPhases = (
				1A032FA31F56510500DCB572 /* Sources */,
				1A032FA41F56510500DCB572 /* Frameworks */,
				1A032FA51F56510500DCB572 /* Resources */,
			);
			buildRules = (
			);
			dependencies = (
				1A032FA91F56510500DCB572 /* PBXTargetDependency */,
			);
			name = MyLoveCastleTests;
			productName = MyLoveCastleTests;
			productReference = 1A032FA71F56510500DCB572 /* MyLoveCastleTests.xctest */;
			productType = "com.apple.product-type.bundle.unit-test";
		};
		1A032FB11F56510500DCB572 /* MyLoveCastleUITests */ = {
			isa = PBXNativeTarget;
			buildConfigurationList = 1A032FC11F56510500DCB572 /* Build configuration list for PBXNativeTarget "MyLoveCastleUITests" */;
			buildPhases = (
				1A032FAE1F56510500DCB572 /* Sources */,
				1A032FAF1F56510500DCB572 /* Frameworks */,
				1A032FB01F56510500DCB572 /* Resources */,
			);
			buildRules = (
			);
			dependencies = (
				1A032FB41F56510500DCB572 /* PBXTargetDependency */,
			);
			name = MyLoveCastleUITests;
			productName = MyLoveCastleUITests;
			productReference = 1A032FB21F56510500DCB572 /* MyLoveCastleUITests.xctest */;
			productType = "com.apple.product-type.bundle.ui-testing";
		};
/* End PBXNativeTarget section */

/* Begin PBXProject section */
		1A032F861F56510500DCB572 /* Project object */ = {
			isa = PBXProject;
			attributes = {
				CLASSPREFIX = ZY;
				LastUpgradeCheck = 0820;
				ORGANIZATIONNAME = ZyZl;
				TargetAttributes = {
					1A032F8D1F56510500DCB572 = {
						CreatedOnToolsVersion = 8.2.1;
						DevelopmentTeam = UZ7QM62WCF;
						ProvisioningStyle = Automatic;
					};
					1A032FA61F56510500DCB572 = {
						CreatedOnToolsVersion = 8.2.1;
						DevelopmentTeam = UZ7QM62WCF;
						ProvisioningStyle = Automatic;
						TestTargetID = 1A032F8D1F56510500DCB572;
					};
					1A032FB11F56510500DCB572 = {
						CreatedOnToolsVersion = 8.2.1;
						DevelopmentTeam = UZ7QM62WCF;
						ProvisioningStyle = Automatic;
						TestTargetID = 1A032F8D1F56510500DCB572;
					};
				};
			};
			buildConfigurationList = 1A032F891F56510500DCB572 /* Build configuration list for PBXProject "MyLoveCastle" */;
			compatibilityVersion = "Xcode 3.2";
			developmentRegion = English;
			hasScannedForEncodings = 0;
			knownRegions = (
				en,
				Base,
			);
			mainGroup = 1A032F851F56510500DCB572;
			productRefGroup = 1A032F8F1F56510500DCB572 /* Products */;
			projectDirPath = "";
			projectRoot = "";
			targets = (
				1A032F8D1F56510500DCB572 /* MyLoveCastle */,
				1A032FA61F56510500DCB572 /* MyLoveCastleTests */,
				1A032FB11F56510500DCB572 /* MyLoveCastleUITests */,
			);
		};
/* End PBXProject section */

/* Begin PBXResourcesBuildPhase section */
		1A032F8C1F56510500DCB572 /* Resources */ = {
			isa = PBXResourcesBuildPhase;
			buildActionMask = 2147483647;
			files = (
				1A5AF8A11F569A2B00F64E5F /* journey_n@3x.png in Resources */,
				1A5AF8D91F56AD1A00F64E5F /* ZYPrettyTimeImg_Cell.xib in Resources */,
				1A5AF8D31F569CF300F64E5F /* dream_n@2x.png in Resources */,
				1A5AF8BC1F569AA800F64E5F /* confident_n.png in Resources */,
				1A5AF8C51F569B5400F64E5F /* ft_s.png in Resources */,
				1A5AF8B71F569AA800F64E5F /* confident_s@3x.png in Resources */,
				1A5AF8B01F569A4900F64E5F /* anniversary_n.png in Resources */,
				1A5AF8AE1F569A4900F64E5F /* anniversary_n@3x.png in Resources */,
				1A5AF8D21F569CF300F64E5F /* dream_n@3x.png in Resources */,
				1A5AF8D01F569CF300F64E5F /* dream_s@2x.png in Resources */,
				1A5AF8BB1F569AA800F64E5F /* confident_n@2x.png in Resources */,
				1A5AF8AD1F569A4900F64E5F /* anniversary_s.png in Resources */,
				1A5AF8C31F569B5400F64E5F /* ft_s@3x.png in Resources */,
				1A5AF8C71F569B5400F64E5F /* ft_n@2x.png in Resources */,
				1A5AF8D11F569CF300F64E5F /* dream_s.png in Resources */,
				1A5AF89F1F569A2B00F64E5F /* journey_n.png in Resources */,
				1A5AF85A1F567BD900F64E5F /* launch.png in Resources */,
				1A5AF8421F566D9A00F64E5F /* LaunchScreen.storyboard in Resources */,
				1A5AF8AF1F569A4900F64E5F /* anniversary_n@2x.png in Resources */,
				1A032F9E1F56510500DCB572 /* Assets.xcassets in Resources */,
				1A5AF8A41F569A2B00F64E5F /* journey_s@3x.png in Resources */,
				1A5AF8D41F569CF300F64E5F /* dream_n.png in Resources */,
				1A5AF8C41F569B5400F64E5F /* ft_s@2x.png in Resources */,
				1A5AF8AB1F569A4900F64E5F /* anniversary_s@3x.png in Resources */,
				1A5AF8571F567BC800F64E5F /* launch2.png in Resources */,
				1A5AF8A31F569A2B00F64E5F /* journey_s@2x.png in Resources */,
				1A5AF85E1F5683E500F64E5F /* launch3.png in Resources */,
				1A5AF8C61F569B5400F64E5F /* ft_n@3x.png in Resources */,
				1A5AF8BA1F569AA800F64E5F /* confident_n@3x.png in Resources */,
				1A5AF8B81F569AA800F64E5F /* confident_s@2x.png in Resources */,
				1A5AF8B91F569AA800F64E5F /* confident_s.png in Resources */,
				1A5AF8A01F569A2B00F64E5F /* journey_n@2x.png in Resources */,
				1A5AF8C81F569B5400F64E5F /* ft_n.png in Resources */,
				1A5AF8A21F569A2B00F64E5F /* journey_s.png in Resources */,
				1A5AF8581F567BC800F64E5F /* launch1.png in Resources */,
				1A5AF8CF1F569CF300F64E5F /* dream_s@3x.png in Resources */,
				1A5AF8AC1F569A4900F64E5F /* anniversary_s@2x.png in Resources */,
			);
			runOnlyForDeploymentPostprocessing = 0;
		};
		1A032FA51F56510500DCB572 /* Resources */ = {
			isa = PBXResourcesBuildPhase;
			buildActionMask = 2147483647;
			files = (
			);
			runOnlyForDeploymentPostprocessing = 0;
		};
		1A032FB01F56510500DCB572 /* Resources */ = {
			isa = PBXResourcesBuildPhase;
			buildActionMask = 2147483647;
			files = (
			);
			runOnlyForDeploymentPostprocessing = 0;
		};
/* End PBXResourcesBuildPhase section */

/* Begin PBXSourcesBuildPhase section */
		1A032F8A1F56510500DCB572 /* Sources */ = {
			isa = PBXSourcesBuildPhase;
			buildActionMask = 2147483647;
			files = (
				1A25FE8E1F565CFD006EEFD7 /* ZYMain_VC.m in Sources */,
				1A25FE7D1F56551F006EEFD7 /* ZYCustomIndicatorView.m in Sources */,
				1A25FE7B1F56551F006EEFD7 /* ZYConvertTool.m in Sources */,
				1A032F961F56510500DCB572 /* AppDelegate.m in Sources */,
				1A25FE871F56551F006EEFD7 /* ZYViewTool.m in Sources */,
				1A032F931F56510500DCB572 /* main.m in Sources */,
				1A5AF8521F5676E900F64E5F /* ZYLaunch_VC.m in Sources */,
				1A5AF8881F568F0500F64E5F /* ZYDreamDirection_VC.m in Sources */,
				1A5AF8851F568EDC00F64E5F /* ZYChattingRecords_VC.m in Sources */,
				1A25FE801F56551F006EEFD7 /* ZYCustomBase_VC.m in Sources */,
				1A5AF8671F5688CF00F64E5F /* ZYTabBar_C.m in Sources */,
				1A25FE7F1F56551F006EEFD7 /* ZYBase_VC.m in Sources */,
				1A25FE811F56551F006EEFD7 /* ZYDataFilter.m in Sources */,
				1A25FE7C1F56551F006EEFD7 /* ZYCustomControls.m in Sources */,
				1A5AF88B1F568F3900F64E5F /* ZYHeartJourney_VC.m in Sources */,
				1A25FE7E1F56551F006EEFD7 /* ZYTabBarViewsController.m in Sources */,
				1A25FE831F56551F006EEFD7 /* NSData+ZYImageData.m in Sources */,
				1A25FE821F56551F006EEFD7 /* ZYDataPersistenceTool.m in Sources */,
				1A25FE861F56551F006EEFD7 /* UIViewController+ZYBasicSetting.m in Sources */,
				1A25FE851F56551F006EEFD7 /* ZYRegisterTool.m in Sources */,
				1A25FE841F56551F006EEFD7 /* ZYStringTool.m in Sources */,
				1A5AF8821F568EB000F64E5F /* ZYAnniversary_VC.m in Sources */,
				1A25FE7A1F56551F006EEFD7 /* AppDelegate+Service.m in Sources */,
				1A5AF8D81F56AD1A00F64E5F /* ZYPrettyTimeImg_Cell.m in Sources */,
			);
			runOnlyForDeploymentPostprocessing = 0;
		};
		1A032FA31F56510500DCB572 /* Sources */ = {
			isa = PBXSourcesBuildPhase;
			buildActionMask = 2147483647;
			files = (
				1A032FAC1F56510500DCB572 /* MyLoveCastleTests.m in Sources */,
			);
			runOnlyForDeploymentPostprocessing = 0;
		};
		1A032FAE1F56510500DCB572 /* Sources */ = {
			isa = PBXSourcesBuildPhase;
			buildActionMask = 2147483647;
			files = (
				1A032FB71F56510500DCB572 /* MyLoveCastleUITests.m in Sources */,
			);
			runOnlyForDeploymentPostprocessing = 0;
		};
/* End PBXSourcesBuildPhase section */

/* Begin PBXTargetDependency section */
		1A032FA91F56510500DCB572 /* PBXTargetDependency */ = {
			isa = PBXTargetDependency;
			target = 1A032F8D1F56510500DCB572 /* MyLoveCastle */;
			targetProxy = 1A032FA81F56510500DCB572 /* PBXContainerItemProxy */;
		};
		1A032FB41F56510500DCB572 /* PBXTargetDependency */ = {
			isa = PBXTargetDependency;
			target = 1A032F8D1F56510500DCB572 /* MyLoveCastle */;
			targetProxy = 1A032FB31F56510500DCB572 /* PBXContainerItemProxy */;
		};
/* End PBXTargetDependency section */

/* Begin XCBuildConfiguration section */
		1A032FB91F56510500DCB572 /* Debug */ = {
			isa = XCBuildConfiguration;
			buildSettings = {
				ALWAYS_SEARCH_USER_PATHS = NO;
				CLANG_ANALYZER_NONNULL = YES;
				CLANG_CXX_LANGUAGE_STANDARD = "gnu++0x";
				CLANG_CXX_LIBRARY = "libc++";
				CLANG_ENABLE_MODULES = YES;
				CLANG_ENABLE_OBJC_ARC = YES;
				CLANG_WARN_BOOL_CONVERSION = YES;
				CLANG_WARN_CONSTANT_CONVERSION = YES;
				CLANG_WARN_DIRECT_OBJC_ISA_USAGE = YES_ERROR;
				CLANG_WARN_DOCUMENTATION_COMMENTS = YES;
				CLANG_WARN_EMPTY_BODY = YES;
				CLANG_WARN_ENUM_CONVERSION = YES;
				CLANG_WARN_INFINITE_RECURSION = YES;
				CLANG_WARN_INT_CONVERSION = YES;
				CLANG_WARN_OBJC_ROOT_CLASS = YES_ERROR;
				CLANG_WARN_SUSPICIOUS_MOVE = YES;
				CLANG_WARN_UNREACHABLE_CODE = YES;
				CLANG_WARN__DUPLICATE_METHOD_MATCH = YES;
				"CODE_SIGN_IDENTITY[sdk=iphoneos*]" = "iPhone Developer";
				COPY_PHASE_STRIP = NO;
				DEBUG_INFORMATION_FORMAT = dwarf;
				ENABLE_STRICT_OBJC_MSGSEND = YES;
				ENABLE_TESTABILITY = YES;
				GCC_C_LANGUAGE_STANDARD = gnu99;
				GCC_DYNAMIC_NO_PIC = NO;
				GCC_NO_COMMON_BLOCKS = YES;
				GCC_OPTIMIZATION_LEVEL = 0;
				GCC_PREPROCESSOR_DEFINITIONS = (
					"DEBUG=1",
					"$(inherited)",
				);
				GCC_WARN_64_TO_32_BIT_CONVERSION = YES;
				GCC_WARN_ABOUT_RETURN_TYPE = YES_ERROR;
				GCC_WARN_UNDECLARED_SELECTOR = YES;
				GCC_WARN_UNINITIALIZED_AUTOS = YES_AGGRESSIVE;
				GCC_WARN_UNUSED_FUNCTION = YES;
				GCC_WARN_UNUSED_VARIABLE = YES;
				IPHONEOS_DEPLOYMENT_TARGET = 10.3;
				MTL_ENABLE_DEBUG_INFO = YES;
				ONLY_ACTIVE_ARCH = YES;
				SDKROOT = iphoneos;
			};
			name = Debug;
		};
		1A032FBA1F56510500DCB572 /* Release */ = {
			isa = XCBuildConfiguration;
			buildSettings = {
				ALWAYS_SEARCH_USER_PATHS = NO;
				CLANG_ANALYZER_NONNULL = YES;
				CLANG_CXX_LANGUAGE_STANDARD = "gnu++0x";
				CLANG_CXX_LIBRARY = "libc++";
				CLANG_ENABLE_MODULES = YES;
				CLANG_ENABLE_OBJC_ARC = YES;
				CLANG_WARN_BOOL_CONVERSION = YES;
				CLANG_WARN_CONSTANT_CONVERSION = YES;
				CLANG_WARN_DIRECT_OBJC_ISA_USAGE = YES_ERROR;
				CLANG_WARN_DOCUMENTATION_COMMENTS = YES;
				CLANG_WARN_EMPTY_BODY = YES;
				CLANG_WARN_ENUM_CONVERSION = YES;
				CLANG_WARN_INFINITE_RECURSION = YES;
				CLANG_WARN_INT_CONVERSION = YES;
				CLANG_WARN_OBJC_ROOT_CLASS = YES_ERROR;
				CLANG_WARN_SUSPICIOUS_MOVE = YES;
				CLANG_WARN_UNREACHABLE_CODE = YES;
				CLANG_WARN__DUPLICATE_METHOD_MATCH = YES;
				"CODE_SIGN_IDENTITY[sdk=iphoneos*]" = "iPhone Developer";
				COPY_PHASE_STRIP = NO;
				DEBUG_INFORMATION_FORMAT = "dwarf-with-dsym";
				ENABLE_NS_ASSERTIONS = NO;
				ENABLE_STRICT_OBJC_MSGSEND = YES;
				GCC_C_LANGUAGE_STANDARD = gnu99;
				GCC_NO_COMMON_BLOCKS = YES;
				GCC_WARN_64_TO_32_BIT_CONVERSION = YES;
				GCC_WARN_ABOUT_RETURN_TYPE = YES_ERROR;
				GCC_WARN_UNDECLARED_SELECTOR = YES;
				GCC_WARN_UNINITIALIZED_AUTOS = YES_AGGRESSIVE;
				GCC_WARN_UNUSED_FUNCTION = YES;
				GCC_WARN_UNUSED_VARIABLE = YES;
				IPHONEOS_DEPLOYMENT_TARGET = 10.3;
				MTL_ENABLE_DEBUG_INFO = NO;
				SDKROOT = iphoneos;
				VALIDATE_PRODUCT = YES;
			};
			name = Release;
		};
		1A032FBC1F56510500DCB572 /* Debug */ = {
			isa = XCBuildConfiguration;
			buildSettings = {
				ASSETCATALOG_COMPILER_APPICON_NAME = AppIcon;
				DEVELOPMENT_TEAM = UZ7QM62WCF;
				GCC_PREFIX_HEADER = MyLoveCastle/MyLoveCastle_PrefixHeader.pch;
				INFOPLIST_FILE = MyLoveCastle/Info.plist;
				IPHONEOS_DEPLOYMENT_TARGET = 9.0;
				LD_RUNPATH_SEARCH_PATHS = "$(inherited) @executable_path/Frameworks";
				PRODUCT_BUNDLE_IDENTIFIER = com.ZyZI.MyNote;
				PRODUCT_NAME = "$(TARGET_NAME)";
			};
			name = Debug;
		};
		1A032FBD1F56510500DCB572 /* Release */ = {
			isa = XCBuildConfiguration;
			buildSettings = {
				ASSETCATALOG_COMPILER_APPICON_NAME = AppIcon;
				DEVELOPMENT_TEAM = UZ7QM62WCF;
				GCC_PREFIX_HEADER = MyLoveCastle/MyLoveCastle_PrefixHeader.pch;
				INFOPLIST_FILE = MyLoveCastle/Info.plist;
				IPHONEOS_DEPLOYMENT_TARGET = 9.0;
				LD_RUNPATH_SEARCH_PATHS = "$(inherited) @executable_path/Frameworks";
				PRODUCT_BUNDLE_IDENTIFIER = com.ZyZI.MyNote;
				PRODUCT_NAME = "$(TARGET_NAME)";
			};
			name = Release;
		};
		1A032FBF1F56510500DCB572 /* Debug */ = {
			isa = XCBuildConfiguration;
			buildSettings = {
				BUNDLE_LOADER = "$(TEST_HOST)";
				DEVELOPMENT_TEAM = UZ7QM62WCF;
				INFOPLIST_FILE = MyLoveCastleTests/Info.plist;
				LD_RUNPATH_SEARCH_PATHS = "$(inherited) @executable_path/Frameworks @loader_path/Frameworks";
				PRODUCT_BUNDLE_IDENTIFIER = com.ZyZI.MyLoveCastleTests;
				PRODUCT_NAME = "$(TARGET_NAME)";
				TEST_HOST = "$(BUILT_PRODUCTS_DIR)/MyLoveCastle.app/MyLoveCastle";
			};
			name = Debug;
		};
		1A032FC01F56510500DCB572 /* Release */ = {
			isa = XCBuildConfiguration;
			buildSettings = {
				BUNDLE_LOADER = "$(TEST_HOST)";
				DEVELOPMENT_TEAM = UZ7QM62WCF;
				INFOPLIST_FILE = MyLoveCastleTests/Info.plist;
				LD_RUNPATH_SEARCH_PATHS = "$(inherited) @executable_path/Frameworks @loader_path/Frameworks";
				PRODUCT_BUNDLE_IDENTIFIER = com.ZyZI.MyLoveCastleTests;
				PRODUCT_NAME = "$(TARGET_NAME)";
				TEST_HOST = "$(BUILT_PRODUCTS_DIR)/MyLoveCastle.app/MyLoveCastle";
			};
			name = Release;
		};
		1A032FC21F56510500DCB572 /* Debug */ = {
			isa = XCBuildConfiguration;
			buildSettings = {
				DEVELOPMENT_TEAM = UZ7QM62WCF;
				INFOPLIST_FILE = MyLoveCastleUITests/Info.plist;
				LD_RUNPATH_SEARCH_PATHS = "$(inherited) @executable_path/Frameworks @loader_path/Frameworks";
				PRODUCT_BUNDLE_IDENTIFIER = com.ZyZI.MyLoveCastleUITests;
				PRODUCT_NAME = "$(TARGET_NAME)";
				TEST_TARGET_NAME = MyLoveCastle;
			};
			name = Debug;
		};
		1A032FC31F56510500DCB572 /* Release */ = {
			isa = XCBuildConfiguration;
			buildSettings = {
				DEVELOPMENT_TEAM = UZ7QM62WCF;
				INFOPLIST_FILE = MyLoveCastleUITests/Info.plist;
				LD_RUNPATH_SEARCH_PATHS = "$(inherited) @executable_path/Frameworks @loader_path/Frameworks";
				PRODUCT_BUNDLE_IDENTIFIER = com.ZyZI.MyLoveCastleUITests;
				PRODUCT_NAME = "$(TARGET_NAME)";
				TEST_TARGET_NAME = MyLoveCastle;
			};
			name = Release;
		};
/* End XCBuildConfiguration section */

/* Begin XCConfigurationList section */
		1A032F891F56510500DCB572 /* Build configuration list for PBXProject "MyLoveCastle" */ = {
			isa = XCConfigurationList;
			buildConfigurations = (
				1A032FB91F56510500DCB572 /* Debug */,
				1A032FBA1F56510500DCB572 /* Release */,
			);
			defaultConfigurationIsVisible = 0;
			defaultConfigurationName = Release;
		};
		1A032FBB1F56510500DCB572 /* Build configuration list for PBXNativeTarget "MyLoveCastle" */ = {
			isa = XCConfigurationList;
			buildConfigurations = (
				1A032FBC1F56510500DCB572 /* Debug */,
				1A032FBD1F56510500DCB572 /* Release */,
			);
			defaultConfigurationIsVisible = 0;
			defaultConfigurationName = Release;
		};
		1A032FBE1F56510500DCB572 /* Build configuration list for PBXNativeTarget "MyLoveCastleTests" */ = {
			isa = XCConfigurationList;
			buildConfigurations = (
				1A032FBF1F56510500DCB572 /* Debug */,
				1A032FC01F56510500DCB572 /* Release */,
			);
			defaultConfigurationIsVisible = 0;
			defaultConfigurationName = Release;
		};
		1A032FC11F56510500DCB572 /* Build configuration list for PBXNativeTarget "MyLoveCastleUITests" */ = {
			isa = XCConfigurationList;
			buildConfigurations = (
				1A032FC21F56510500DCB572 /* Debug */,
				1A032FC31F56510500DCB572 /* Release */,
			);
			defaultConfigurationIsVisible = 0;
			defaultConfigurationName = Release;
		};
/* End XCConfigurationList section */
	};
	rootObject = 1A032F861F56510500DCB572 /* Project object */;
}
